// !$*UTF8*$!
{
	archiveVersion = 1;
	classes = {
	};
	objectVersion = 46;
	objects = {

/* Begin PBXBuildFile section */
		FD8133541B78FFD800E48BCE /* AppDelegate.swift in Sources */ = {isa = PBXBuildFile; fileRef = FD8133531B78FFD800E48BCE /* AppDelegate.swift */; };
		FD8133571B78FFD800E48BCE /* IntergalacticTravelSwift.xcdatamodeld in Sources */ = {isa = PBXBuildFile; fileRef = FD8133551B78FFD800E48BCE /* IntergalacticTravelSwift.xcdatamodeld */; };
		FD8133591B78FFD800E48BCE /* ViewController.swift in Sources */ = {isa = PBXBuildFile; fileRef = FD8133581B78FFD800E48BCE /* ViewController.swift */; };
		FD81335C1B78FFD800E48BCE /* Main.storyboard in Resources */ = {isa = PBXBuildFile; fileRef = FD81335A1B78FFD800E48BCE /* Main.storyboard */; };
		FD81335E1B78FFD800E48BCE /* Images.xcassets in Resources */ = {isa = PBXBuildFile; fileRef = FD81335D1B78FFD800E48BCE /* Images.xcassets */; };
		FD8133611B78FFD800E48BCE /* LaunchScreen.xib in Resources */ = {isa = PBXBuildFile; fileRef = FD81335F1B78FFD800E48BCE /* LaunchScreen.xib */; };
		FD81336D1B78FFD800E48BCE /* IntergalacticTravelSwiftTests.swift in Sources */ = {isa = PBXBuildFile; fileRef = FD81336C1B78FFD800E48BCE /* IntergalacticTravelSwiftTests.swift */; };
		FD8133771B79083600E48BCE /* VacationViewController.swift in Sources */ = {isa = PBXBuildFile; fileRef = FD8133761B79083600E48BCE /* VacationViewController.swift */; };
/* End PBXBuildFile section */

/* Begin PBXContainerItemProxy section */
		FD8133671B78FFD800E48BCE /* PBXContainerItemProxy */ = {
			isa = PBXContainerItemProxy;
			containerPortal = FD8133461B78FFD800E48BCE /* Project object */;
			proxyType = 1;
			remoteGlobalIDString = FD81334D1B78FFD800E48BCE;
			remoteInfo = IntergalacticTravelSwift;
		};
/* End PBXContainerItemProxy section */

/* Begin PBXFileReference section */
		FD81334E1B78FFD800E48BCE /* IntergalacticTravelSwift.app */ = {isa = PBXFileReference; explicitFileType = wrapper.application; includeInIndex = 0; path = IntergalacticTravelSwift.app; sourceTree = BUILT_PRODUCTS_DIR; };
		FD8133521B78FFD800E48BCE /* Info.plist */ = {isa = PBXFileReference; lastKnownFileType = text.plist.xml; path = Info.plist; sourceTree = "<group>"; };
		FD8133531B78FFD800E48BCE /* AppDelegate.swift */ = {isa = PBXFileReference; lastKnownFileType = sourcecode.swift; path = AppDelegate.swift; sourceTree = "<group>"; };
		FD8133561B78FFD800E48BCE /* IntergalacticTravelSwift.xcdatamodel */ = {isa = PBXFileReference; lastKnownFileType = wrapper.xcdatamodel; path = IntergalacticTravelSwift.xcdatamodel; sourceTree = "<group>"; };
		FD8133581B78FFD800E48BCE /* ViewController.swift */ = {isa = PBXFileReference; lastKnownFileType = sourcecode.swift; path = ViewController.swift; sourceTree = "<group>"; };
		FD81335B1B78FFD800E48BCE /* Base */ = {isa = PBXFileReference; lastKnownFileType = file.storyboard; name = Base; path = Base.lproj/Main.storyboard; sourceTree = "<group>"; };
		FD81335D1B78FFD800E48BCE /* Images.xcassets */ = {isa = PBXFileReference; lastKnownFileType = folder.assetcatalog; path = Images.xcassets; sourceTree = "<group>"; };
		FD8133601B78FFD800E48BCE /* Base */ = {isa = PBXFileReference; lastKnownFileType = file.xib; name = Base; path = Base.lproj/LaunchScreen.xib; sourceTree = "<group>"; };
		FD8133661B78FFD800E48BCE /* IntergalacticTravelSwiftTests.xctest */ = {isa = PBXFileReference; explicitFileType = wrapper.cfbundle; includeInIndex = 0; path = IntergalacticTravelSwiftTests.xctest; sourceTree = BUILT_PRODUCTS_DIR; };
		FD81336B1B78FFD800E48BCE /* Info.plist */ = {isa = PBXFileReference; lastKnownFileType = text.plist.xml; path = Info.plist; sourceTree = "<group>"; };
		FD81336C1B78FFD800E48BCE /* IntergalacticTravelSwiftTests.swift */ = {isa = PBXFileReference; lastKnownFileType = sourcecode.swift; path = IntergalacticTravelSwiftTests.swift; sourceTree = "<group>"; };
		FD8133761B79083600E48BCE /* VacationViewController.swift */ = {isa = PBXFileReference; fileEncoding = 4; lastKnownFileType = sourcecode.swift; path = VacationViewController.swift; sourceTree = "<group>"; };
/* End PBXFileReference section */

/* Begin PBXFrameworksBuildPhase section */
		FD81334B1B78FFD800E48BCE /* Frameworks */ = {
			isa = PBXFrameworksBuildPhase;
			buildActionMask = 2147483647;
			files = (
			);
			runOnlyForDeploymentPostprocessing = 0;
		};
		FD8133631B78FFD800E48BCE /* Frameworks */ = {
			isa = PBXFrameworksBuildPhase;
			buildActionMask = 2147483647;
			files = (
			);
			runOnlyForDeploymentPostprocessing = 0;
		};
/* End PBXFrameworksBuildPhase section */

/* Begin PBXGroup section */
		FD8133451B78FFD800E48BCE = {
			isa = PBXGroup;
			children = (
				FD8133501B78FFD800E48BCE /* IntergalacticTravelSwift */,
				FD8133691B78FFD800E48BCE /* IntergalacticTravelSwiftTests */,
				FD81334F1B78FFD800E48BCE /* Products */,
			);
			sourceTree = "<group>";
		};
		FD81334F1B78FFD800E48BCE /* Products */ = {
			isa = PBXGroup;
			children = (
				FD81334E1B78FFD800E48BCE /* IntergalacticTravelSwift.app */,
				FD8133661B78FFD800E48BCE /* IntergalacticTravelSwiftTests.xctest */,
			);
			name = Products;
			sourceTree = "<group>";
		};
		FD8133501B78FFD800E48BCE /* IntergalacticTravelSwift */ = {
			isa = PBXGroup;
			children = (
				FD8133531B78FFD800E48BCE /* AppDelegate.swift */,
				FD8133581B78FFD800E48BCE /* ViewController.swift */,
				FD8133761B79083600E48BCE /* VacationViewController.swift */,
				FD81335A1B78FFD800E48BCE /* Main.storyboard */,
				FD81335D1B78FFD800E48BCE /* Images.xcassets */,
				FD81335F1B78FFD800E48BCE /* LaunchScreen.xib */,
				FD8133551B78FFD800E48BCE /* IntergalacticTravelSwift.xcdatamodeld */,
				FD8133511B78FFD800E48BCE /* Supporting Files */,
			);
			path = IntergalacticTravelSwift;
			sourceTree = "<group>";
		};
		FD8133511B78FFD800E48BCE /* Supporting Files */ = {
			isa = PBXGroup;
			children = (
				FD8133521B78FFD800E48BCE /* Info.plist */,
			);
			name = "Supporting Files";
			sourceTree = "<group>";
		};
		FD8133691B78FFD800E48BCE /* IntergalacticTravelSwiftTests */ = {
			isa = PBXGroup;
			children = (
				FD81336C1B78FFD800E48BCE /* IntergalacticTravelSwiftTests.swift */,
				FD81336A1B78FFD800E48BCE /* Supporting Files */,
			);
			path = IntergalacticTravelSwiftTests;
			sourceTree = "<group>";
		};
		FD81336A1B78FFD800E48BCE /* Supporting Files */ = {
			isa = PBXGroup;
			children = (
				FD81336B1B78FFD800E48BCE /* Info.plist */,
			);
			name = "Supporting Files";
			sourceTree = "<group>";
		};
/* End PBXGroup section */

/* Begin PBXNativeTarget section */
		FD81334D1B78FFD800E48BCE /* IntergalacticTravelSwift */ = {
			isa = PBXNativeTarget;
			buildConfigurationList = FD8133701B78FFD900E48BCE /* Build configuration list for PBXNativeTarget "IntergalacticTravelSwift" */;
			buildPhases = (
				FD81334A1B78FFD800E48BCE /* Sources */,
				FD81334B1B78FFD800E48BCE /* Frameworks */,
				FD81334C1B78FFD800E48BCE /* Resources */,
			);
			buildRules = (
			);
			dependencies = (
			);
			name = IntergalacticTravelSwift;
			productName = IntergalacticTravelSwift;
			productReference = FD81334E1B78FFD800E48BCE /* IntergalacticTravelSwift.app */;
			productType = "com.apple.product-type.application";
		};
		FD8133651B78FFD800E48BCE /* IntergalacticTravelSwiftTests */ = {
			isa = PBXNativeTarget;
			buildConfigurationList = FD8133731B78FFD900E48BCE /* Build configuration list for PBXNativeTarget "IntergalacticTravelSwiftTests" */;
			buildPhases = (
				FD8133621B78FFD800E48BCE /* Sources */,
				FD8133631B78FFD800E48BCE /* Frameworks */,
				FD8133641B78FFD800E48BCE /* Resources */,
			);
			buildRules = (
			);
			dependencies = (
				FD8133681B78FFD800E48BCE /* PBXTargetDependency */,
			);
			name = IntergalacticTravelSwiftTests;
			productName = IntergalacticTravelSwiftTests;
			productReference = FD8133661B78FFD800E48BCE /* IntergalacticTravelSwiftTests.xctest */;
			productType = "com.apple.product-type.bundle.unit-test";
		};
/* End PBXNativeTarget section */

/* Begin PBXProject section */
		FD8133461B78FFD800E48BCE /* Project object */ = {
			isa = PBXProject;
			attributes = {
				LastUpgradeCheck = 0640;
				ORGANIZATIONNAME = "Edil Ashimov";
				TargetAttributes = {
					FD81334D1B78FFD800E48BCE = {
						CreatedOnToolsVersion = 6.4;
					};
					FD8133651B78FFD800E48BCE = {
						CreatedOnToolsVersion = 6.4;
						TestTargetID = FD81334D1B78FFD800E48BCE;
					};
				};
			};
			buildConfigurationList = FD8133491B78FFD800E48BCE /* Build configuration list for PBXProject "IntergalacticTravelSwift" */;
			compatibilityVersion = "Xcode 3.2";
			developmentRegion = English;
			hasScannedForEncodings = 0;
			knownRegions = (
				en,
				Base,
			);
			mainGroup = FD8133451B78FFD800E48BCE;
			productRefGroup = FD81334F1B78FFD800E48BCE /* Products */;
			projectDirPath = "";
			projectRoot = "";
			targets = (
				FD81334D1B78FFD800E48BCE /* IntergalacticTravelSwift */,
				FD8133651B78FFD800E48BCE /* IntergalacticTravelSwiftTests */,
			);
		};
/* End PBXProject section */

/* Begin PBXResourcesBuildPhase section */
		FD81334C1B78FFD800E48BCE /* Resources */ = {
			isa = PBXResourcesBuildPhase;
			buildActionMask = 2147483647;
			files = (
				FD81335C1B78FFD800E48BCE /* Main.storyboard in Resources */,
				FD8133611B78FFD800E48BCE /* LaunchScreen.xib in Resources */,
				FD81335E1B78FFD800E48BCE /* Images.xcassets in Resources */,
			);
			runOnlyForDeploymentPostprocessing = 0;
		};
		FD8133641B78FFD800E48BCE /* Resources */ = {
			isa = PBXResourcesBuildPhase;
			buildActionMask = 2147483647;
			files = (
			);
			runOnlyForDeploymentPostprocessing = 0;
		};
/* End PBXResourcesBuildPhase section */

/* Begin PBXSourcesBuildPhase section */
		FD81334A1B78FFD800E48BCE /* Sources */ = {
			isa = PBXSourcesBuildPhase;
			buildActionMask = 2147483647;
			files = (
				FD8133591B78FFD800E48BCE /* ViewController.swift in Sources */,
				FD8133571B78FFD800E48BCE /* IntergalacticTravelSwift.xcdatamodeld in Sources */,
				FD8133541B78FFD800E48BCE /* AppDelegate.swift in Sources */,
				FD8133771B79083600E48BCE /* VacationViewController.swift in Sources */,
			);
			runOnlyForDeploymentPostprocessing = 0;
		};
		FD8133621B78FFD800E48BCE /* Sources */ = {
			isa = PBXSourcesBuildPhase;
			buildActionMask = 2147483647;
			files = (
				FD81336D1B78FFD800E48BCE /* IntergalacticTravelSwiftTests.swift in Sources */,
			);
			runOnlyForDeploymentPostprocessing = 0;
		};
/* End PBXSourcesBuildPhase section */

/* Begin PBXTargetDependency section */
		FD8133681B78FFD800E48BCE /* PBXTargetDependency */ = {
			isa = PBXTargetDependency;
			target = FD81334D1B78FFD800E48BCE /* IntergalacticTravelSwift */;
			targetProxy = FD8133671B78FFD800E48BCE /* PBXContainerItemProxy */;
		};
/* End PBXTargetDependency section */

/* Begin PBXVariantGroup section */
		FD81335A1B78FFD800E48BCE /* Main.storyboard */ = {
			isa = PBXVariantGroup;
			children = (
				FD81335B1B78FFD800E48BCE /* Base */,
			);
			name = Main.storyboard;
			sourceTree = "<group>";
		};
		FD81335F1B78FFD800E48BCE /* LaunchScreen.xib */ = {
			isa = PBXVariantGroup;
			children = (
				FD8133601B78FFD800E48BCE /* Base */,
			);
			name = LaunchScreen.xib;
			sourceTree = "<group>";
		};
/* End PBXVariantGroup section */

/* Begin XCBuildConfiguration section */
		FD81336E1B78FFD900E48BCE /* Debug */ = {
			isa = XCBuildConfiguration;
			buildSettings = {
				ALWAYS_SEARCH_USER_PATHS = NO;
				CLANG_CXX_LANGUAGE_STANDARD = "gnu++0x";
				CLANG_CXX_LIBRARY = "libc++";
				CLANG_ENABLE_MODULES = YES;
				CLANG_ENABLE_OBJC_ARC = YES;
				CLANG_WARN_BOOL_CONVERSION = YES;
				CLANG_WARN_CONSTANT_CONVERSION = YES;
				CLANG_WARN_DIRECT_OBJC_ISA_USAGE = YES_ERROR;
				CLANG_WARN_EMPTY_BODY = YES;
				CLANG_WARN_ENUM_CONVERSION = YES;
				CLANG_WARN_INT_CONVERSION = YES;
				CLANG_WARN_OBJC_ROOT_CLASS = YES_ERROR;
				CLANG_WARN_UNREACHABLE_CODE = YES;
				CLANG_WARN__DUPLICATE_METHOD_MATCH = YES;
				"CODE_SIGN_IDENTITY[sdk=iphoneos*]" = "iPhone Developer";
				COPY_PHASE_STRIP = NO;
				DEBUG_INFORMATION_FORMAT = "dwarf-with-dsym";
				ENABLE_STRICT_OBJC_MSGSEND = YES;
				GCC_C_LANGUAGE_STANDARD = gnu99;
				GCC_DYNAMIC_NO_PIC = NO;
				GCC_NO_COMMON_BLOCKS = YES;
				GCC_OPTIMIZATION_LEVEL = 0;
				GCC_PREPROCESSOR_DEFINITIONS = (
					"DEBUG=1",
					"$(inherited)",
				);
				GCC_SYMBOLS_PRIVATE_EXTERN = NO;
				GCC_WARN_64_TO_32_BIT_CONVERSION = YES;
				GCC_WARN_ABOUT_RETURN_TYPE = YES_ERROR;
				GCC_WARN_UNDECLARED_SELECTOR = YES;
				GCC_WARN_UNINITIALIZED_AUTOS = YES_AGGRESSIVE;
				GCC_WARN_UNUSED_FUNCTION = YES;
				GCC_WARN_UNUSED_VARIABLE = YES;
				IPHONEOS_DEPLOYMENT_TARGET = 8.4;
				MTL_ENABLE_DEBUG_INFO = YES;
				ONLY_ACTIVE_ARCH = YES;
				SDKROOT = iphoneos;
				SWIFT_OPTIMIZATION_LEVEL = "-Onone";
			};
			name = Debug;
		};
		FD81336F1B78FFD900E48BCE /* Release */ = {
			isa = XCBuildConfiguration;
			buildSettings = {
				ALWAYS_SEARCH_USER_PATHS = NO;
				CLANG_CXX_LANGUAGE_STANDARD = "gnu++0x";
				CLANG_CXX_LIBRARY = "libc++";
				CLANG_ENABLE_MODULES = YES;
				CLANG_ENABLE_OBJC_ARC = YES;
				CLANG_WARN_BOOL_CONVERSION = YES;
				CLANG_WARN_CONSTANT_CONVERSION = YES;
				CLANG_WARN_DIRECT_OBJC_ISA_USAGE = YES_ERROR;
				CLANG_WARN_EMPTY_BODY = YES;
				CLANG_WARN_ENUM_CONVERSION = YES;
				CLANG_WARN_INT_CONVERSION = YES;
				CLANG_WARN_OBJC_ROOT_CLASS = YES_ERROR;
				CLANG_WARN_UNREACHABLE_CODE = YES;
				CLANG_WARN__DUPLICATE_METHOD_MATCH = YES;
				"CODE_SIGN_IDENTITY[sdk=iphoneos*]" = "iPhone Developer";
				COPY_PHASE_STRIP = NO;
				DEBUG_INFORMATION_FORMAT = "dwarf-with-dsym";
				ENABLE_NS_ASSERTIONS = NO;
				ENABLE_STRICT_OBJC_MSGSEND = YES;
				GCC_C_LANGUAGE_STANDARD = gnu99;
				GCC_NO_COMMON_BLOCKS = YES;
				GCC_WARN_64_TO_32_BIT_CONVERSION = YES;
				GCC_WARN_ABOUT_RETURN_TYPE = YES_ERROR;
				GCC_WARN_UNDECLARED_SELECTOR = YES;
				GCC_WARN_UNINITIALIZED_AUTOS = YES_AGGRESSIVE;
				GCC_WARN_UNUSED_FUNCTION = YES;
				GCC_WARN_UNUSED_VARIABLE = YES;
				IPHONEOS_DEPLOYMENT_TARGET = 8.4;
				MTL_ENABLE_DEBUG_INFO = NO;
				SDKROOT = iphoneos;
				VALIDATE_PRODUCT = YES;
			};
			name = Release;
		};
		FD8133711B78FFD900E48BCE /* Debug */ = {
			isa = XCBuildConfiguration;
			buildSettings = {
				ASSETCATALOG_COMPILER_APPICON_NAME = AppIcon;
				INFOPLIST_FILE = IntergalacticTravelSwift/Info.plist;
				LD_RUNPATH_SEARCH_PATHS = "$(inherited) @executable_path/Frameworks";
				PRODUCT_NAME = "$(TARGET_NAME)";
			};
			name = Debug;
		};
		FD8133721B78FFD900E48BCE /* Release */ = {
			isa = XCBuildConfiguration;
			buildSettings = {
				ASSETCATALOG_COMPILER_APPICON_NAME = AppIcon;
				INFOPLIST_FILE = IntergalacticTravelSwift/Info.plist;
				LD_RUNPATH_SEARCH_PATHS = "$(inherited) @executable_path/Frameworks";
				PRODUCT_NAME = "$(TARGET_NAME)";
			};
			name = Release;
		};
		FD8133741B78FFD900E48BCE /* Debug */ = {
			isa = XCBuildConfiguration;
			buildSettings = {
				BUNDLE_LOADER = "$(TEST_HOST)";
				FRAMEWORK_SEARCH_PATHS = (
					"$(SDKROOT)/Developer/Library/Frameworks",
					"$(inherited)",
				);
				GCC_PREPROCESSOR_DEFINITIONS = (
					"DEBUG=1",
					"$(inherited)",
				);
				INFOPLIST_FILE = IntergalacticTravelSwiftTests/Info.plist;
				LD_RUNPATH_SEARCH_PATHS = "$(inherited) @executable_path/Frameworks @loader_path/Frameworks";
				PRODUCT_NAME = "$(TARGET_NAME)";
				TEST_HOST = "$(BUILT_PRODUCTS_DIR)/IntergalacticTravelSwift.app/IntergalacticTravelSwift";
			};
			name = Debug;
		};
		FD8133751B78FFD900E48BCE /* Release */ = {
			isa = XCBuildConfiguration;
			buildSettings = {
				BUNDLE_LOADER = "$(TEST_HOST)";
				FRAMEWORK_SEARCH_PATHS = (
					"$(SDKROOT)/Developer/Library/Frameworks",
					"$(inherited)",
				);
				INFOPLIST_FILE = IntergalacticTravelSwiftTests/Info.plist;
				LD_RUNPATH_SEARCH_PATHS = "$(inherited) @executable_path/Frameworks @loader_path/Frameworks";
				PRODUCT_NAME = "$(TARGET_NAME)";
				TEST_HOST = "$(BUILT_PRODUCTS_DIR)/IntergalacticTravelSwift.app/IntergalacticTravelSwift";
			};
			name = Release;
		};
/* End XCBuildConfiguration section */

/* Begin XCConfigurationList section */
		FD8133491B78FFD800E48BCE /* Build configuration list for PBXProject "IntergalacticTravelSwift" */ = {
			isa = XCConfigurationList;
			buildConfigurations = (
				FD81336E1B78FFD900E48BCE /* Debug */,
				FD81336F1B78FFD900E48BCE /* Release */,
			);
			defaultConfigurationIsVisible = 0;
			defaultConfigurationName = Release;
		};
		FD8133701B78FFD900E48BCE /* Build configuration list for PBXNativeTarget "IntergalacticTravelSwift" */ = {
			isa = XCConfigurationList;
			buildConfigurations = (
				FD8133711B78FFD900E48BCE /* Debug */,
				FD8133721B78FFD900E48BCE /* Release */,
			);
			defaultConfigurationIsVisible = 0;
		};
		FD8133731B78FFD900E48BCE /* Build configuration list for PBXNativeTarget "IntergalacticTravelSwiftTests" */ = {
			isa = XCConfigurationList;
			buildConfigurations = (
				FD8133741B78FFD900E48BCE /* Debug */,
				FD8133751B78FFD900E48BCE /* Release */,
			);
			defaultConfigurationIsVisible = 0;
		};
/* End XCConfigurationList section */

/* Begin XCVersionGroup section */
		FD8133551B78FFD800E48BCE /* IntergalacticTravelSwift.xcdatamodeld */ = {
			isa = XCVersionGroup;
			children = (
				FD8133561B78FFD800E48BCE /* IntergalacticTravelSwift.xcdatamodel */,
			);
			currentVersion = FD8133561B78FFD800E48BCE /* IntergalacticTravelSwift.xcdatamodel */;
			path = IntergalacticTravelSwift.xcdatamodeld;
			sourceTree = "<group>";
			versionGroupType = wrapper.xcdatamodel;
		};
/* End XCVersionGroup section */
	};
	rootObject = FD8133461B78FFD800E48BCE /* Project object */;
}
